// !$*UTF8*$!
{
	archiveVersion = 1;
	classes = {
	};
	objectVersion = 54;
	objects = {

/* Begin PBXBuildFile section */
		192CD992278607580084E0C1 /* AppDelegate.swift in Sources */ = {isa = PBXBuildFile; fileRef = 192CD991278607580084E0C1 /* AppDelegate.swift */; };
		192CD994278607580084E0C1 /* SceneDelegate.swift in Sources */ = {isa = PBXBuildFile; fileRef = 192CD993278607580084E0C1 /* SceneDelegate.swift */; };
		192CD996278607580084E0C1 /* ViewController.swift in Sources */ = {isa = PBXBuildFile; fileRef = 192CD995278607580084E0C1 /* ViewController.swift */; };
		192CD999278607580084E0C1 /* Main.storyboard in Resources */ = {isa = PBXBuildFile; fileRef = 192CD997278607580084E0C1 /* Main.storyboard */; };
		192CD99B2786075B0084E0C1 /* Assets.xcassets in Resources */ = {isa = PBXBuildFile; fileRef = 192CD99A2786075B0084E0C1 /* Assets.xcassets */; };
		192CD99E2786075B0084E0C1 /* LaunchScreen.storyboard in Resources */ = {isa = PBXBuildFile; fileRef = 192CD99C2786075B0084E0C1 /* LaunchScreen.storyboard */; };
		199D479C2789ACB600F26949 /* DataManager.swift in Sources */ = {isa = PBXBuildFile; fileRef = 199D479B2789ACB600F26949 /* DataManager.swift */; };
		199D47A02789ACDA00F26949 /* PlaceModel.swift in Sources */ = {isa = PBXBuildFile; fileRef = 199D479D2789ACDA00F26949 /* PlaceModel.swift */; };
		199D47A12789ACDA00F26949 /* Category.swift in Sources */ = {isa = PBXBuildFile; fileRef = 199D479E2789ACDA00F26949 /* Category.swift */; };
		199D47A22789ACDA00F26949 /* CityModel.swift in Sources */ = {isa = PBXBuildFile; fileRef = 199D479F2789ACDA00F26949 /* CityModel.swift */; };
		199D47A42789BA7000F26949 /* TabBarViewController.swift in Sources */ = {isa = PBXBuildFile; fileRef = 199D47A32789BA7000F26949 /* TabBarViewController.swift */; };
		199D47AB278AB2D600F26949 /* Settings.storyboard in Resources */ = {isa = PBXBuildFile; fileRef = 199D47A9278AB2D500F26949 /* Settings.storyboard */; };
		199D47AC278AB2D600F26949 /* SettingsViewController.swift in Sources */ = {isa = PBXBuildFile; fileRef = 199D47AA278AB2D500F26949 /* SettingsViewController.swift */; };
		199D47AF278AB2F900F26949 /* Start.storyboard in Resources */ = {isa = PBXBuildFile; fileRef = 199D47AD278AB2F900F26949 /* Start.storyboard */; };
		199D47B0278AB2F900F26949 /* StartViewController.swift in Sources */ = {isa = PBXBuildFile; fileRef = 199D47AE278AB2F900F26949 /* StartViewController.swift */; };
		199D47B3278AB31600F26949 /* City.storyboard in Resources */ = {isa = PBXBuildFile; fileRef = 199D47B1278AB31600F26949 /* City.storyboard */; };
		199D47B4278AB31600F26949 /* CityViewController.swift in Sources */ = {isa = PBXBuildFile; fileRef = 199D47B2278AB31600F26949 /* CityViewController.swift */; };
		199D47B7278AB32B00F26949 /* PlaceViewController.swift in Sources */ = {isa = PBXBuildFile; fileRef = 199D47B5278AB32B00F26949 /* PlaceViewController.swift */; };
		199D47B8278AB32B00F26949 /* PlaceVC.storyboard in Resources */ = {isa = PBXBuildFile; fileRef = 199D47B6278AB32B00F26949 /* PlaceVC.storyboard */; };
/* End PBXBuildFile section */

/* Begin PBXFileReference section */
		192CD98E278607580084E0C1 /* HW28CitiesV1.app */ = {isa = PBXFileReference; explicitFileType = wrapper.application; includeInIndex = 0; path = HW28CitiesV1.app; sourceTree = BUILT_PRODUCTS_DIR; };
		192CD991278607580084E0C1 /* AppDelegate.swift */ = {isa = PBXFileReference; lastKnownFileType = sourcecode.swift; path = AppDelegate.swift; sourceTree = "<group>"; };
		192CD993278607580084E0C1 /* SceneDelegate.swift */ = {isa = PBXFileReference; lastKnownFileType = sourcecode.swift; path = SceneDelegate.swift; sourceTree = "<group>"; };
		192CD995278607580084E0C1 /* ViewController.swift */ = {isa = PBXFileReference; lastKnownFileType = sourcecode.swift; path = ViewController.swift; sourceTree = "<group>"; };
		192CD998278607580084E0C1 /* Base */ = {isa = PBXFileReference; lastKnownFileType = file.storyboard; name = Base; path = Base.lproj/Main.storyboard; sourceTree = "<group>"; };
		192CD99A2786075B0084E0C1 /* Assets.xcassets */ = {isa = PBXFileReference; lastKnownFileType = folder.assetcatalog; path = Assets.xcassets; sourceTree = "<group>"; };
		192CD99D2786075B0084E0C1 /* Base */ = {isa = PBXFileReference; lastKnownFileType = file.storyboard; name = Base; path = Base.lproj/LaunchScreen.storyboard; sourceTree = "<group>"; };
		192CD99F2786075B0084E0C1 /* Info.plist */ = {isa = PBXFileReference; lastKnownFileType = text.plist.xml; path = Info.plist; sourceTree = "<group>"; };
		199D479B2789ACB600F26949 /* DataManager.swift */ = {isa = PBXFileReference; fileEncoding = 4; lastKnownFileType = sourcecode.swift; path = DataManager.swift; sourceTree = "<group>"; };
		199D479D2789ACDA00F26949 /* PlaceModel.swift */ = {isa = PBXFileReference; fileEncoding = 4; lastKnownFileType = sourcecode.swift; path = PlaceModel.swift; sourceTree = "<group>"; };
		199D479E2789ACDA00F26949 /* Category.swift */ = {isa = PBXFileReference; fileEncoding = 4; lastKnownFileType = sourcecode.swift; path = Category.swift; sourceTree = "<group>"; };
		199D479F2789ACDA00F26949 /* CityModel.swift */ = {isa = PBXFileReference; fileEncoding = 4; lastKnownFileType = sourcecode.swift; path = CityModel.swift; sourceTree = "<group>"; };
		199D47A32789BA7000F26949 /* TabBarViewController.swift */ = {isa = PBXFileReference; fileEncoding = 4; lastKnownFileType = sourcecode.swift; path = TabBarViewController.swift; sourceTree = "<group>"; };
		199D47A9278AB2D500F26949 /* Settings.storyboard */ = {isa = PBXFileReference; fileEncoding = 4; lastKnownFileType = file.storyboard; path = Settings.storyboard; sourceTree = "<group>"; };
		199D47AA278AB2D500F26949 /* SettingsViewController.swift */ = {isa = PBXFileReference; fileEncoding = 4; lastKnownFileType = sourcecode.swift; path = SettingsViewController.swift; sourceTree = "<group>"; };
		199D47AD278AB2F900F26949 /* Start.storyboard */ = {isa = PBXFileReference; fileEncoding = 4; lastKnownFileType = file.storyboard; path = Start.storyboard; sourceTree = "<group>"; };
		199D47AE278AB2F900F26949 /* StartViewController.swift */ = {isa = PBXFileReference; fileEncoding = 4; lastKnownFileType = sourcecode.swift; path = StartViewController.swift; sourceTree = "<group>"; };
		199D47B1278AB31600F26949 /* City.storyboard */ = {isa = PBXFileReference; fileEncoding = 4; lastKnownFileType = file.storyboard; path = City.storyboard; sourceTree = "<group>"; };
		199D47B2278AB31600F26949 /* CityViewController.swift */ = {isa = PBXFileReference; fileEncoding = 4; lastKnownFileType = sourcecode.swift; path = CityViewController.swift; sourceTree = "<group>"; };
		199D47B5278AB32B00F26949 /* PlaceViewController.swift */ = {isa = PBXFileReference; fileEncoding = 4; lastKnownFileType = sourcecode.swift; path = PlaceViewController.swift; sourceTree = "<group>"; };
		199D47B6278AB32B00F26949 /* PlaceVC.storyboard */ = {isa = PBXFileReference; fileEncoding = 4; lastKnownFileType = file.storyboard; path = PlaceVC.storyboard; sourceTree = "<group>"; };
/* End PBXFileReference section */

/* Begin PBXFrameworksBuildPhase section */
		192CD98B278607580084E0C1 /* Frameworks */ = {
			isa = PBXFrameworksBuildPhase;
			buildActionMask = 2147483647;
			files = (
			);
			runOnlyForDeploymentPostprocessing = 0;
		};
/* End PBXFrameworksBuildPhase section */

/* Begin PBXGroup section */
		192CD985278607580084E0C1 = {
			isa = PBXGroup;
			children = (
				192CD990278607580084E0C1 /* HW28CitiesV1 */,
				192CD98F278607580084E0C1 /* Products */,
			);
			sourceTree = "<group>";
		};
		192CD98F278607580084E0C1 /* Products */ = {
			isa = PBXGroup;
			children = (
				192CD98E278607580084E0C1 /* HW28CitiesV1.app */,
			);
			name = Products;
			sourceTree = "<group>";
		};
		192CD990278607580084E0C1 /* HW28CitiesV1 */ = {
			isa = PBXGroup;
			children = (
				192CD991278607580084E0C1 /* AppDelegate.swift */,
				192CD993278607580084E0C1 /* SceneDelegate.swift */,
				192CD995278607580084E0C1 /* ViewController.swift */,
				199D47BA278AB3B000F26949 /* ViewControllers */,
				199D479A2789AB3A00F26949 /* DataManager */,
				199D47992789AB2300F26949 /* Models */,
				192CD997278607580084E0C1 /* Main.storyboard */,
				199D47B9278AB36B00F26949 /* Storyboards */,
				192CD99A2786075B0084E0C1 /* Assets.xcassets */,
				192CD99F2786075B0084E0C1 /* Info.plist */,
			);
			path = HW28CitiesV1;
			sourceTree = "<group>";
		};
		199D47992789AB2300F26949 /* Models */ = {
			isa = PBXGroup;
			children = (
				199D479E2789ACDA00F26949 /* Category.swift */,
				199D479F2789ACDA00F26949 /* CityModel.swift */,
				199D479D2789ACDA00F26949 /* PlaceModel.swift */,
			);
			path = Models;
			sourceTree = "<group>";
		};
		199D479A2789AB3A00F26949 /* DataManager */ = {
			isa = PBXGroup;
			children = (
				199D479B2789ACB600F26949 /* DataManager.swift */,
			);
			path = DataManager;
			sourceTree = "<group>";
		};
		199D47B9278AB36B00F26949 /* Storyboards */ = {
			isa = PBXGroup;
			children = (
				199D47A9278AB2D500F26949 /* Settings.storyboard */,
				199D47AD278AB2F900F26949 /* Start.storyboard */,
				199D47B1278AB31600F26949 /* City.storyboard */,
				199D47B6278AB32B00F26949 /* PlaceVC.storyboard */,
				192CD99C2786075B0084E0C1 /* LaunchScreen.storyboard */,
			);
			path = Storyboards;
			sourceTree = "<group>";
		};
		199D47BA278AB3B000F26949 /* ViewControllers */ = {
			isa = PBXGroup;
			children = (
				199D47A32789BA7000F26949 /* TabBarViewController.swift */,
				199D47AA278AB2D500F26949 /* SettingsViewController.swift */,
				199D47AE278AB2F900F26949 /* StartViewController.swift */,
				199D47B2278AB31600F26949 /* CityViewController.swift */,
				199D47B5278AB32B00F26949 /* PlaceViewController.swift */,
			);
			path = ViewControllers;
			sourceTree = "<group>";
		};
/* End PBXGroup section */

/* Begin PBXNativeTarget section */
		192CD98D278607580084E0C1 /* HW28CitiesV1 */ = {
			isa = PBXNativeTarget;
			buildConfigurationList = 192CD9A22786075B0084E0C1 /* Build configuration list for PBXNativeTarget "HW28CitiesV1" */;
			buildPhases = (
				192CD98A278607580084E0C1 /* Sources */,
				192CD98B278607580084E0C1 /* Frameworks */,
				192CD98C278607580084E0C1 /* Resources */,
			);
			buildRules = (
			);
			dependencies = (
			);
			name = HW28CitiesV1;
			productName = HW28CitiesV1;
			productReference = 192CD98E278607580084E0C1 /* HW28CitiesV1.app */;
			productType = "com.apple.product-type.application";
		};
/* End PBXNativeTarget section */

/* Begin PBXProject section */
		192CD986278607580084E0C1 /* Project object */ = {
			isa = PBXProject;
			attributes = {
				BuildIndependentTargetsInParallel = 1;
				LastSwiftUpdateCheck = 1310;
				LastUpgradeCheck = 1310;
				TargetAttributes = {
					192CD98D278607580084E0C1 = {
						CreatedOnToolsVersion = 13.1;
					};
				};
			};
			buildConfigurationList = 192CD989278607580084E0C1 /* Build configuration list for PBXProject "HW28CitiesV1" */;
			compatibilityVersion = "Xcode 12.0";
			developmentRegion = en;
			hasScannedForEncodings = 0;
			knownRegions = (
				en,
				Base,
			);
			mainGroup = 192CD985278607580084E0C1;
			productRefGroup = 192CD98F278607580084E0C1 /* Products */;
			projectDirPath = "";
			projectRoot = "";
			targets = (
				192CD98D278607580084E0C1 /* HW28CitiesV1 */,
			);
		};
/* End PBXProject section */

/* Begin PBXResourcesBuildPhase section */
		192CD98C278607580084E0C1 /* Resources */ = {
			isa = PBXResourcesBuildPhase;
			buildActionMask = 2147483647;
			files = (
				192CD99E2786075B0084E0C1 /* LaunchScreen.storyboard in Resources */,
				192CD99B2786075B0084E0C1 /* Assets.xcassets in Resources */,
				199D47AF278AB2F900F26949 /* Start.storyboard in Resources */,
				199D47B3278AB31600F26949 /* City.storyboard in Resources */,
				192CD999278607580084E0C1 /* Main.storyboard in Resources */,
				199D47AB278AB2D600F26949 /* Settings.storyboard in Resources */,
				199D47B8278AB32B00F26949 /* PlaceVC.storyboard in Resources */,
			);
			runOnlyForDeploymentPostprocessing = 0;
		};
/* End PBXResourcesBuildPhase section */

/* Begin PBXSourcesBuildPhase section */
		192CD98A278607580084E0C1 /* Sources */ = {
			isa = PBXSourcesBuildPhase;
			buildActionMask = 2147483647;
			files = (
				199D47B7278AB32B00F26949 /* PlaceViewController.swift in Sources */,
				199D47A42789BA7000F26949 /* TabBarViewController.swift in Sources */,
				192CD996278607580084E0C1 /* ViewController.swift in Sources */,
				199D479C2789ACB600F26949 /* DataManager.swift in Sources */,
				199D47A02789ACDA00F26949 /* PlaceModel.swift in Sources */,
				192CD992278607580084E0C1 /* AppDelegate.swift in Sources */,
				199D47B4278AB31600F26949 /* CityViewController.swift in Sources */,
				199D47B0278AB2F900F26949 /* StartViewController.swift in Sources */,
				192CD994278607580084E0C1 /* SceneDelegate.swift in Sources */,
				199D47A12789ACDA00F26949 /* Category.swift in Sources */,
				199D47A22789ACDA00F26949 /* CityModel.swift in Sources */,
				199D47AC278AB2D600F26949 /* SettingsViewController.swift in Sources */,
			);
			runOnlyForDeploymentPostprocessing = 0;
		};
/* End PBXSourcesBuildPhase section */

/* Begin PBXVariantGroup section */
		192CD997278607580084E0C1 /* Main.storyboard */ = {
			isa = PBXVariantGroup;
			children = (
				192CD998278607580084E0C1 /* Base */,
			);
			name = Main.storyboard;
			sourceTree = "<group>";
		};
		192CD99C2786075B0084E0C1 /* LaunchScreen.storyboard */ = {
			isa = PBXVariantGroup;
			children = (
				192CD99D2786075B0084E0C1 /* Base */,
			);
			name = LaunchScreen.storyboard;
			sourceTree = "<group>";
		};
/* End PBXVariantGroup section */

/* Begin XCBuildConfiguration section */
		192CD9A02786075B0084E0C1 /* Debug */ = {
			isa = XCBuildConfiguration;
			buildSettings = {
				ALWAYS_SEARCH_USER_PATHS = NO;
				CLANG_ANALYZER_NONNULL = YES;
				CLANG_ANALYZER_NUMBER_OBJECT_CONVERSION = YES_AGGRESSIVE;
				CLANG_CXX_LANGUAGE_STANDARD = "gnu++17";
				CLANG_CXX_LIBRARY = "libc++";
				CLANG_ENABLE_MODULES = YES;
				CLANG_ENABLE_OBJC_ARC = YES;
				CLANG_ENABLE_OBJC_WEAK = YES;
				CLANG_WARN_BLOCK_CAPTURE_AUTORELEASING = YES;
				CLANG_WARN_BOOL_CONVERSION = YES;
				CLANG_WARN_COMMA = YES;
				CLANG_WARN_CONSTANT_CONVERSION = YES;
				CLANG_WARN_DEPRECATED_OBJC_IMPLEMENTATIONS = YES;
				CLANG_WARN_DIRECT_OBJC_ISA_USAGE = YES_ERROR;
				CLANG_WARN_DOCUMENTATION_COMMENTS = YES;
				CLANG_WARN_EMPTY_BODY = YES;
				CLANG_WARN_ENUM_CONVERSION = YES;
				CLANG_WARN_INFINITE_RECURSION = YES;
				CLANG_WARN_INT_CONVERSION = YES;
				CLANG_WARN_NON_LITERAL_NULL_CONVERSION = YES;
				CLANG_WARN_OBJC_IMPLICIT_RETAIN_SELF = YES;
				CLANG_WARN_OBJC_LITERAL_CONVERSION = YES;
				CLANG_WARN_OBJC_ROOT_CLASS = YES_ERROR;
				CLANG_WARN_QUOTED_INCLUDE_IN_FRAMEWORK_HEADER = YES;
				CLANG_WARN_RANGE_LOOP_ANALYSIS = YES;
				CLANG_WARN_STRICT_PROTOTYPES = YES;
				CLANG_WARN_SUSPICIOUS_MOVE = YES;
				CLANG_WARN_UNGUARDED_AVAILABILITY = YES_AGGRESSIVE;
				CLANG_WARN_UNREACHABLE_CODE = YES;
				CLANG_WARN__DUPLICATE_METHOD_MATCH = YES;
				COPY_PHASE_STRIP = NO;
				DEBUG_INFORMATION_FORMAT = dwarf;
				ENABLE_STRICT_OBJC_MSGSEND = YES;
				ENABLE_TESTABILITY = YES;
				GCC_C_LANGUAGE_STANDARD = gnu11;
				GCC_DYNAMIC_NO_PIC = NO;
				GCC_NO_COMMON_BLOCKS = YES;
				GCC_OPTIMIZATION_LEVEL = 0;
				GCC_PREPROCESSOR_DEFINITIONS = (
					"DEBUG=1",
					"$(inherited)",
				);
				GCC_WARN_64_TO_32_BIT_CONVERSION = YES;
				GCC_WARN_ABOUT_RETURN_TYPE = YES_ERROR;
				GCC_WARN_UNDECLARED_SELECTOR = YES;
				GCC_WARN_UNINITIALIZED_AUTOS = YES_AGGRESSIVE;
				GCC_WARN_UNUSED_FUNCTION = YES;
				GCC_WARN_UNUSED_VARIABLE = YES;
				IPHONEOS_DEPLOYMENT_TARGET = 15.0;
				MTL_ENABLE_DEBUG_INFO = INCLUDE_SOURCE;
				MTL_FAST_MATH = YES;
				ONLY_ACTIVE_ARCH = YES;
				SDKROOT = iphoneos;
				SWIFT_ACTIVE_COMPILATION_CONDITIONS = DEBUG;
				SWIFT_OPTIMIZATION_LEVEL = "-Onone";
			};
			name = Debug;
		};
		192CD9A12786075B0084E0C1 /* Release */ = {
			isa = XCBuildConfiguration;
			buildSettings = {
				ALWAYS_SEARCH_USER_PATHS = NO;
				CLANG_ANALYZER_NONNULL = YES;
				CLANG_ANALYZER_NUMBER_OBJECT_CONVERSION = YES_AGGRESSIVE;
				CLANG_CXX_LANGUAGE_STANDARD = "gnu++17";
				CLANG_CXX_LIBRARY = "libc++";
				CLANG_ENABLE_MODULES = YES;
				CLANG_ENABLE_OBJC_ARC = YES;
				CLANG_ENABLE_OBJC_WEAK = YES;
				CLANG_WARN_BLOCK_CAPTURE_AUTORELEASING = YES;
				CLANG_WARN_BOOL_CONVERSION = YES;
				CLANG_WARN_COMMA = YES;
				CLANG_WARN_CONSTANT_CONVERSION = YES;
				CLANG_WARN_DEPRECATED_OBJC_IMPLEMENTATIONS = YES;
				CLANG_WARN_DIRECT_OBJC_ISA_USAGE = YES_ERROR;
				CLANG_WARN_DOCUMENTATION_COMMENTS = YES;
				CLANG_WARN_EMPTY_BODY = YES;
				CLANG_WARN_ENUM_CONVERSION = YES;
				CLANG_WARN_INFINITE_RECURSION = YES;
				CLANG_WARN_INT_CONVERSION = YES;
				CLANG_WARN_NON_LITERAL_NULL_CONVERSION = YES;
				CLANG_WARN_OBJC_IMPLICIT_RETAIN_SELF = YES;
				CLANG_WARN_OBJC_LITERAL_CONVERSION = YES;
				CLANG_WARN_OBJC_ROOT_CLASS = YES_ERROR;
				CLANG_WARN_QUOTED_INCLUDE_IN_FRAMEWORK_HEADER = YES;
				CLANG_WARN_RANGE_LOOP_ANALYSIS = YES;
				CLANG_WARN_STRICT_PROTOTYPES = YES;
				CLANG_WARN_SUSPICIOUS_MOVE = YES;
				CLANG_WARN_UNGUARDED_AVAILABILITY = YES_AGGRESSIVE;
				CLANG_WARN_UNREACHABLE_CODE = YES;
				CLANG_WARN__DUPLICATE_METHOD_MATCH = YES;
				COPY_PHASE_STRIP = NO;
				DEBUG_INFORMATION_FORMAT = "dwarf-with-dsym";
				ENABLE_NS_ASSERTIONS = NO;
				ENABLE_STRICT_OBJC_MSGSEND = YES;
				GCC_C_LANGUAGE_STANDARD = gnu11;
				GCC_NO_COMMON_BLOCKS = YES;
				GCC_WARN_64_TO_32_BIT_CONVERSION = YES;
				GCC_WARN_ABOUT_RETURN_TYPE = YES_ERROR;
				GCC_WARN_UNDECLARED_SELECTOR = YES;
				GCC_WARN_UNINITIALIZED_AUTOS = YES_AGGRESSIVE;
				GCC_WARN_UNUSED_FUNCTION = YES;
				GCC_WARN_UNUSED_VARIABLE = YES;
				IPHONEOS_DEPLOYMENT_TARGET = 15.0;
				MTL_ENABLE_DEBUG_INFO = NO;
				MTL_FAST_MATH = YES;
				SDKROOT = iphoneos;
				SWIFT_COMPILATION_MODE = wholemodule;
				SWIFT_OPTIMIZATION_LEVEL = "-O";
				VALIDATE_PRODUCT = YES;
			};
			name = Release;
		};
		192CD9A32786075B0084E0C1 /* Debug */ = {
			isa = XCBuildConfiguration;
			buildSettings = {
				ASSETCATALOG_COMPILER_APPICON_NAME = AppIcon;
				ASSETCATALOG_COMPILER_GLOBAL_ACCENT_COLOR_NAME = AccentColor;
				CODE_SIGN_STYLE = Automatic;
				CURRENT_PROJECT_VERSION = 1;
				DEVELOPMENT_TEAM = LZN9MNW3NF;
				GENERATE_INFOPLIST_FILE = YES;
				INFOPLIST_FILE = HW28CitiesV1/Info.plist;
				INFOPLIST_KEY_UIApplicationSupportsIndirectInputEvents = YES;
				INFOPLIST_KEY_UILaunchStoryboardName = LaunchScreen;
				INFOPLIST_KEY_UIMainStoryboardFile = Main;
				INFOPLIST_KEY_UISupportedInterfaceOrientations_iPad = "UIInterfaceOrientationPortrait UIInterfaceOrientationPortraitUpsideDown UIInterfaceOrientationLandscapeLeft UIInterfaceOrientationLandscapeRight";
				INFOPLIST_KEY_UISupportedInterfaceOrientations_iPhone = "UIInterfaceOrientationPortrait UIInterfaceOrientationLandscapeLeft UIInterfaceOrientationLandscapeRight";
				LD_RUNPATH_SEARCH_PATHS = (
					"$(inherited)",
					"@executable_path/Frameworks",
				);
				MARKETING_VERSION = 1.0;
				PRODUCT_BUNDLE_IDENTIFIER = com.dmitriiOnegin.HW28CitiesV1;
				PRODUCT_NAME = "$(TARGET_NAME)";
				SWIFT_EMIT_LOC_STRINGS = YES;
				SWIFT_VERSION = 5.0;
				TARGETED_DEVICE_FAMILY = "1,2";
			};
			name = Debug;
		};
		192CD9A42786075B0084E0C1 /* Release */ = {
			isa = XCBuildConfiguration;
			buildSettings = {
				ASSETCATALOG_COMPILER_APPICON_NAME = AppIcon;
				ASSETCATALOG_COMPILER_GLOBAL_ACCENT_COLOR_NAME = AccentColor;
				CODE_SIGN_STYLE = Automatic;
				CURRENT_PROJECT_VERSION = 1;
				DEVELOPMENT_TEAM = LZN9MNW3NF;
				GENERATE_INFOPLIST_FILE = YES;
				INFOPLIST_FILE = HW28CitiesV1/Info.plist;
				INFOPLIST_KEY_UIApplicationSupportsIndirectInputEvents = YES;
				INFOPLIST_KEY_UILaunchStoryboardName = LaunchScreen;
				INFOPLIST_KEY_UIMainStoryboardFile = Main;
				INFOPLIST_KEY_UISupportedInterfaceOrientations_iPad = "UIInterfaceOrientationPortrait UIInterfaceOrientationPortraitUpsideDown UIInterfaceOrientationLandscapeLeft UIInterfaceOrientationLandscapeRight";
				INFOPLIST_KEY_UISupportedInterfaceOrientations_iPhone = "UIInterfaceOrientationPortrait UIInterfaceOrientationLandscapeLeft UIInterfaceOrientationLandscapeRight";
				LD_RUNPATH_SEARCH_PATHS = (
					"$(inherited)",
					"@executable_path/Frameworks",
				);
				MARKETING_VERSION = 1.0;
				PRODUCT_BUNDLE_IDENTIFIER = com.dmitriiOnegin.HW28CitiesV1;
				PRODUCT_NAME = "$(TARGET_NAME)";
				SWIFT_EMIT_LOC_STRINGS = YES;
				SWIFT_VERSION = 5.0;
				TARGETED_DEVICE_FAMILY = "1,2";
			};
			name = Release;
		};
/* End XCBuildConfiguration section */

/* Begin XCConfigurationList section */
		192CD989278607580084E0C1 /* Build configuration list for PBXProject "HW28CitiesV1" */ = {
			isa = XCConfigurationList;
			buildConfigurations = (
				192CD9A02786075B0084E0C1 /* Debug */,
				192CD9A12786075B0084E0C1 /* Release */,
			);
			defaultConfigurationIsVisible = 0;
			defaultConfigurationName = Release;
		};
		192CD9A22786075B0084E0C1 /* Build configuration list for PBXNativeTarget "HW28CitiesV1" */ = {
			isa = XCConfigurationList;
			buildConfigurations = (
				192CD9A32786075B0084E0C1 /* Debug */,
				192CD9A42786075B0084E0C1 /* Release */,
			);
			defaultConfigurationIsVisible = 0;
			defaultConfigurationName = Release;
		};
/* End XCConfigurationList section */
	};
	rootObject = 192CD986278607580084E0C1 /* Project object */;
}
